schema: '2.0'
stages:
  prepare_data:
    cmd: python src/prepare_data.py --region sochi --param_set wind_temp
    deps:
    - path: data/raw/sochi/data.csv
      hash: md5
      md5: 68bc0ee2022d0f40159f141ba3edf293
      size: 50
    - path: src/prepare_data.py
      hash: md5
      md5: 0f55e3872e702f6cd06fa988e060e604
      size: 2031
    outs:
    - path: data/processed/sochi_wind_temp.csv
      hash: md5
      md5: b0d5d36fafd612f67b4b2af616e3da53
      size: 27
  train_model:
    cmd: python src/train.py --data data/processed/sochi_wind_temp.csv --model 
      models/model_A/sochi_wind_temp.pkl --lr 0.001 --batch_size 32 --model_name
      model_A
    deps:
    - path: data/processed/sochi_wind_temp.csv
      hash: md5
      md5: b0d5d36fafd612f67b4b2af616e3da53
      size: 27
    - path: src/train.py
      hash: md5
      md5: 691bd0433b14605deb5b3ab1fc0aad56
      size: 1545
    outs:
    - path: metrics/model_A_sochi_wind_temp.json
      hash: md5
      md5: e86650c1443d9e3cd8df8278e1274cae
      size: 67
    - path: models/model_A/sochi_wind_temp.pkl
      hash: md5
      md5: 07939fdc7b012bcd68a057cba453597f
      size: 15
